
Microsoft Visual Studio Solution File, Format Version 12.00
# Visual Studio Version 17
VisualStudioVersion = 17.10.34928.147
MinimumVisualStudioVersion = 10.0.40219.1
Project("{9A19103F-16F7-4668-BE54-9A1E7A4F7556}") = "TO-DO-List", "TO-DO-List.csproj", "{BBA27172-9B8B-42E3-92EC-358BAC2F649E}"
EndProject
Global
	GlobalSection(SolutionConfigurationPlatforms) = preSolution
		Debug|Any CPU = Debug|Any CPU
		Release|Any CPU = Release|Any CPU
	EndGlobalSection
	GlobalSection(ProjectConfigurationPlatforms) = postSolution
		{BBA27172-9B8B-42E3-92EC-358BAC2F649E}.Debug|Any CPU.ActiveCfg = Debug|Any CPU
		{BBA27172-9B8B-42E3-92EC-358BAC2F649E}.Debug|Any CPU.Build.0 = Debug|Any CPU
		{BBA27172-9B8B-42E3-92EC-358BAC2F649E}.Release|Any CPU.ActiveCfg = Release|Any CPU
		{BBA27172-9B8B-42E3-92EC-358BAC2F649E}.Release|Any CPU.Build.0 = Release|Any CPU
	EndGlobalSection
	GlobalSection(SolutionProperties) = preSolution
		HideSolutionNode = FALSE
	EndGlobalSection
	GlobalSection(ExtensibilityGlobals) = postSolution
		SolutionGuid = {804C4972-925D-4A95-9DF8-3EB6FB3F4713}
	EndGlobalSection
EndGlobal
